<?xml version="1.0" encoding="utf-8"?>
<Project ToolsVersion="4.0" xmlns="http://schemas.microsoft.com/developer/msbuild/2003">
  <ItemGroup>
    <Filter Include="Fichiers sources">
      <UniqueIdentifier>{4FC737F1-C7A5-4376-A066-2A32D752A2FF}</UniqueIdentifier>
      <Extensions>cpp;c;cc;cxx;def;odl;idl;hpj;bat;asm;asmx</Extensions>
    </Filter>
    <Filter Include="Fichiers d%27en-tête">
      <UniqueIdentifier>{93995380-89BD-4b04-88EB-625FBE52EBFB}</UniqueIdentifier>
      <Extensions>h;hpp;hxx;hm;inl;inc;xsd</Extensions>
    </Filter>
    <Filter Include="Fichiers de ressources">
      <UniqueIdentifier>{67DA6AB6-F800-4c08-8B7A-83BB121AAD01}</UniqueIdentifier>
      <Extensions>rc;ico;cur;bmp;dlg;rc2;rct;bin;rgs;gif;jpg;jpeg;jpe;resx;tiff;tif;png;wav;mfcribbon-ms</Extensions>
    </Filter>
    <Filter Include="Fichiers d%27en-tête\core">
      <UniqueIdentifier>{2c219afd-0b75-4f7a-8f3a-79131678104d}</UniqueIdentifier>
    </Filter>
    <Filter Include="Fichiers d%27en-tête\fuzzy">
      <UniqueIdentifier>{c328b10b-15c6-4aef-a806-6b4e5852234f}</UniqueIdentifier>
    </Filter>
  </ItemGroup>
  <ItemGroup>
    <ClInclude Include="stdafx.h">
      <Filter>Fichiers d%27en-tête</Filter>
    </ClInclude>
    <ClInclude Include="targetver.h">
      <Filter>Fichiers d%27en-tête</Filter>
    </ClInclude>
    <ClInclude Include="Expression.h">
      <Filter>Fichiers d%27en-tête\core</Filter>
    </ClInclude>
    <ClInclude Include="AndMult.h">
      <Filter>Fichiers d%27en-tête\fuzzy</Filter>
    </ClInclude>
    <ClInclude Include="Agg.h">
      <Filter>Fichiers d%27en-tête\fuzzy</Filter>
    </ClInclude>
    <ClInclude Include="AggMax.h">
      <Filter>Fichiers d%27en-tête\fuzzy</Filter>
    </ClInclude>
    <ClInclude Include="AggPlus.h">
      <Filter>Fichiers d%27en-tête\fuzzy</Filter>
    </ClInclude>
    <ClInclude Include="And.h">
      <Filter>Fichiers d%27en-tête\fuzzy</Filter>
    </ClInclude>
    <ClInclude Include="AndMin.h">
      <Filter>Fichiers d%27en-tête\fuzzy</Filter>
    </ClInclude>
    <ClInclude Include="BinaryExpression.h">
      <Filter>Fichiers d%27en-tête\core</Filter>
    </ClInclude>
    <ClInclude Include="BinaryExpressionModel.h">
      <Filter>Fichiers d%27en-tête\core</Filter>
    </ClInclude>
    <ClInclude Include="Is.h">
      <Filter>Fichiers d%27en-tête\fuzzy</Filter>
    </ClInclude>
    <ClInclude Include="OrPlus.h">
      <Filter>Fichiers d%27en-tête\fuzzy</Filter>
    </ClInclude>
    <ClInclude Include="Not.h">
      <Filter>Fichiers d%27en-tête\fuzzy</Filter>
    </ClInclude>
    <ClInclude Include="Or.h">
      <Filter>Fichiers d%27en-tête\fuzzy</Filter>
    </ClInclude>
    <ClInclude Include="OrMax.h">
      <Filter>Fichiers d%27en-tête\fuzzy</Filter>
    </ClInclude>
    <ClInclude Include="Then.h">
      <Filter>Fichiers d%27en-tête\fuzzy</Filter>
    </ClInclude>
    <ClInclude Include="ThenMult.h">
      <Filter>Fichiers d%27en-tête\fuzzy</Filter>
    </ClInclude>
    <ClInclude Include="ThenMin.h">
      <Filter>Fichiers d%27en-tête\fuzzy</Filter>
    </ClInclude>
    <ClInclude Include="ValueModel.h">
      <Filter>Fichiers d%27en-tête\core</Filter>
    </ClInclude>
    <ClInclude Include="UnaryExpression.h">
      <Filter>Fichiers d%27en-tête\core</Filter>
    </ClInclude>
    <ClInclude Include="UnaryExpressionModel.h">
      <Filter>Fichiers d%27en-tête\core</Filter>
    </ClInclude>
    <ClInclude Include="IsTriangle.h">
      <Filter>Fichiers d%27en-tête\fuzzy</Filter>
    </ClInclude>
    <ClInclude Include="ExpressionFactory.h">
      <Filter>Fichiers d%27en-tête\core</Filter>
    </ClInclude>
    <ClInclude Include="FuzzyFactory.h">
      <Filter>Fichiers d%27en-tête\fuzzy</Filter>
    </ClInclude>
    <ClInclude Include="MamdaniDefuzz.h">
      <Filter>Fichiers d%27en-tête\fuzzy</Filter>
    </ClInclude>
    <ClInclude Include="CogDefuzz.h">
      <Filter>Fichiers d%27en-tête\fuzzy</Filter>
    </ClInclude>
    <ClInclude Include="UnaryShadowExpression.h">
      <Filter>Fichiers d%27en-tête\core</Filter>
    </ClInclude>
    <ClInclude Include="BinaryShadowExpression.h">
      <Filter>Fichiers d%27en-tête\core</Filter>
    </ClInclude>
    <ClInclude Include="NaryExpression.h">
      <Filter>Fichiers d%27en-tête\core</Filter>
    </ClInclude>
    <ClInclude Include="NaryExpressionModel.h">
      <Filter>Fichiers d%27en-tête\core</Filter>
    </ClInclude>
    <ClInclude Include="NaryShadowExpression.h">
      <Filter>Fichiers d%27en-tête\core</Filter>
    </ClInclude>
    <ClInclude Include="SugenoConclusion.h">
      <Filter>Fichiers d%27en-tête\fuzzy</Filter>
    </ClInclude>
    <ClInclude Include="SugenoDefuzz.h">
      <Filter>Fichiers d%27en-tête\fuzzy</Filter>
    </ClInclude>
    <ClInclude Include="SugenoThen.h">
      <Filter>Fichiers d%27en-tête\fuzzy</Filter>
    </ClInclude>
    <ClInclude Include="NullExpressionException.h">
      <Filter>Fichiers d%27en-tête\core</Filter>
    </ClInclude>
    <ClInclude Include="NotMinus.h">
      <Filter>Fichiers d%27en-tête\fuzzy</Filter>
    </ClInclude>
    <ClInclude Include="Evaluator.h">
      <Filter>Fichiers d%27en-tête\fuzzy</Filter>
    </ClInclude>
  </ItemGroup>
  <ItemGroup>
    <ClCompile Include="stdafx.cpp">
      <Filter>Fichiers sources</Filter>
    </ClCompile>
    <ClCompile Include="Fuzzy Framework.cpp">
      <Filter>Fichiers sources</Filter>
    </ClCompile>
  </ItemGroup>
</Project>